{
  "name": "asmsc",
  "version": "1.0.0",
  "lockfileVersion": 2,
  "requires": true,
  "packages": {
    "": {
      "version": "1.0.0",
      "license": "ISC",
      "dependencies": {
        "@assemblyscript/loader": "^0.19.7"
      }
    },
    "node_modules/@assemblyscript/loader": {
      "version": "0.19.7",
      "resolved": "https://registry.npmjs.org/@assemblyscript/loader/-/loader-0.19.7.tgz",
      "integrity": "sha512-/BdvOMHnfW3uIHFEgDPRbmA+BoQjuYpjKIZgI3p4sG8Jxgy9UuQW7cQUFx7dRlFUk/SBVCoB8N7412NgKyctqg=="
    }
  },
  "dependencies": {
    "@assemblyscript/loader": {
      "version": "0.19.7",
      "resolved": "https://registry.npmjs.org/@assemblyscript/loader/-/loader-0.19.7.tgz",
      "integrity": "sha512-/BdvOMHnfW3uIHFEgDPRbmA+BoQjuYpjKIZgI3p4sG8Jxgy9UuQW7cQUFx7dRlFUk/SBVCoB8N7412NgKyctqg=="
    }
  }
}
